// !$*UTF8*$!
{
	archiveVersion = 1;
	classes = {
	};
	objectVersion = 56;
	objects = {

/* Begin PBXBuildFile section */
		D721EE0D2B10B21E00983C80 /* AppDelegate.swift in Sources */ = {isa = PBXBuildFile; fileRef = D721EE0C2B10B21E00983C80 /* AppDelegate.swift */; };
		D721EE0F2B10B21E00983C80 /* SceneDelegate.swift in Sources */ = {isa = PBXBuildFile; fileRef = D721EE0E2B10B21E00983C80 /* SceneDelegate.swift */; };
		D721EE112B10B21E00983C80 /* ViewController.swift in Sources */ = {isa = PBXBuildFile; fileRef = D721EE102B10B21E00983C80 /* ViewController.swift */; };
		D721EE142B10B21E00983C80 /* Main.storyboard in Resources */ = {isa = PBXBuildFile; fileRef = D721EE122B10B21E00983C80 /* Main.storyboard */; };
		D721EE162B10B21F00983C80 /* Assets.xcassets in Resources */ = {isa = PBXBuildFile; fileRef = D721EE152B10B21F00983C80 /* Assets.xcassets */; };
		D721EE192B10B21F00983C80 /* LaunchScreen.storyboard in Resources */ = {isa = PBXBuildFile; fileRef = D721EE172B10B21F00983C80 /* LaunchScreen.storyboard */; };
		D721EE242B10B21F00983C80 /* timerTests.swift in Sources */ = {isa = PBXBuildFile; fileRef = D721EE232B10B21F00983C80 /* timerTests.swift */; };
		D721EE2E2B10B21F00983C80 /* timerUITests.swift in Sources */ = {isa = PBXBuildFile; fileRef = D721EE2D2B10B21F00983C80 /* timerUITests.swift */; };
		D721EE302B10B21F00983C80 /* timerUITestsLaunchTests.swift in Sources */ = {isa = PBXBuildFile; fileRef = D721EE2F2B10B21F00983C80 /* timerUITestsLaunchTests.swift */; };
/* End PBXBuildFile section */

/* Begin PBXContainerItemProxy section */
		D721EE202B10B21F00983C80 /* PBXContainerItemProxy */ = {
			isa = PBXContainerItemProxy;
			containerPortal = D721EE012B10B21E00983C80 /* Project object */;
			proxyType = 1;
			remoteGlobalIDString = D721EE082B10B21E00983C80;
			remoteInfo = timer;
		};
		D721EE2A2B10B21F00983C80 /* PBXContainerItemProxy */ = {
			isa = PBXContainerItemProxy;
			containerPortal = D721EE012B10B21E00983C80 /* Project object */;
			proxyType = 1;
			remoteGlobalIDString = D721EE082B10B21E00983C80;
			remoteInfo = timer;
		};
/* End PBXContainerItemProxy section */

/* Begin PBXFileReference section */
		D721EE092B10B21E00983C80 /* timer.app */ = {isa = PBXFileReference; explicitFileType = wrapper.application; includeInIndex = 0; path = timer.app; sourceTree = BUILT_PRODUCTS_DIR; };
		D721EE0C2B10B21E00983C80 /* AppDelegate.swift */ = {isa = PBXFileReference; lastKnownFileType = sourcecode.swift; path = AppDelegate.swift; sourceTree = "<group>"; };
		D721EE0E2B10B21E00983C80 /* SceneDelegate.swift */ = {isa = PBXFileReference; lastKnownFileType = sourcecode.swift; path = SceneDelegate.swift; sourceTree = "<group>"; };
		D721EE102B10B21E00983C80 /* ViewController.swift */ = {isa = PBXFileReference; lastKnownFileType = sourcecode.swift; path = ViewController.swift; sourceTree = "<group>"; };
		D721EE132B10B21E00983C80 /* Base */ = {isa = PBXFileReference; lastKnownFileType = file.storyboard; name = Base; path = Base.lproj/Main.storyboard; sourceTree = "<group>"; };
		D721EE152B10B21F00983C80 /* Assets.xcassets */ = {isa = PBXFileReference; lastKnownFileType = folder.assetcatalog; path = Assets.xcassets; sourceTree = "<group>"; };
		D721EE182B10B21F00983C80 /* Base */ = {isa = PBXFileReference; lastKnownFileType = file.storyboard; name = Base; path = Base.lproj/LaunchScreen.storyboard; sourceTree = "<group>"; };
		D721EE1A2B10B21F00983C80 /* Info.plist */ = {isa = PBXFileReference; lastKnownFileType = text.plist.xml; path = Info.plist; sourceTree = "<group>"; };
		D721EE1F2B10B21F00983C80 /* timerTests.xctest */ = {isa = PBXFileReference; explicitFileType = wrapper.cfbundle; includeInIndex = 0; path = timerTests.xctest; sourceTree = BUILT_PRODUCTS_DIR; };
		D721EE232B10B21F00983C80 /* timerTests.swift */ = {isa = PBXFileReference; lastKnownFileType = sourcecode.swift; path = timerTests.swift; sourceTree = "<group>"; };
		D721EE292B10B21F00983C80 /* timerUITests.xctest */ = {isa = PBXFileReference; explicitFileType = wrapper.cfbundle; includeInIndex = 0; path = timerUITests.xctest; sourceTree = BUILT_PRODUCTS_DIR; };
		D721EE2D2B10B21F00983C80 /* timerUITests.swift */ = {isa = PBXFileReference; lastKnownFileType = sourcecode.swift; path = timerUITests.swift; sourceTree = "<group>"; };
		D721EE2F2B10B21F00983C80 /* timerUITestsLaunchTests.swift */ = {isa = PBXFileReference; lastKnownFileType = sourcecode.swift; path = timerUITestsLaunchTests.swift; sourceTree = "<group>"; };
/* End PBXFileReference section */

/* Begin PBXFrameworksBuildPhase section */
		D721EE062B10B21E00983C80 /* Frameworks */ = {
			isa = PBXFrameworksBuildPhase;
			buildActionMask = 2147483647;
			files = (
			);
			runOnlyForDeploymentPostprocessing = 0;
		};
		D721EE1C2B10B21F00983C80 /* Frameworks */ = {
			isa = PBXFrameworksBuildPhase;
			buildActionMask = 2147483647;
			files = (
			);
			runOnlyForDeploymentPostprocessing = 0;
		};
		D721EE262B10B21F00983C80 /* Frameworks */ = {
			isa = PBXFrameworksBuildPhase;
			buildActionMask = 2147483647;
			files = (
			);
			runOnlyForDeploymentPostprocessing = 0;
		};
/* End PBXFrameworksBuildPhase section */

/* Begin PBXGroup section */
		D721EE002B10B21E00983C80 = {
			isa = PBXGroup;
			children = (
				D721EE0B2B10B21E00983C80 /* timer */,
				D721EE222B10B21F00983C80 /* timerTests */,
				D721EE2C2B10B21F00983C80 /* timerUITests */,
				D721EE0A2B10B21E00983C80 /* Products */,
			);
			sourceTree = "<group>";
		};
		D721EE0A2B10B21E00983C80 /* Products */ = {
			isa = PBXGroup;
			children = (
				D721EE092B10B21E00983C80 /* timer.app */,
				D721EE1F2B10B21F00983C80 /* timerTests.xctest */,
				D721EE292B10B21F00983C80 /* timerUITests.xctest */,
			);
			name = Products;
			sourceTree = "<group>";
		};
		D721EE0B2B10B21E00983C80 /* timer */ = {
			isa = PBXGroup;
			children = (
				D721EE0C2B10B21E00983C80 /* AppDelegate.swift */,
				D721EE0E2B10B21E00983C80 /* SceneDelegate.swift */,
				D721EE102B10B21E00983C80 /* ViewController.swift */,
				D721EE122B10B21E00983C80 /* Main.storyboard */,
				D721EE152B10B21F00983C80 /* Assets.xcassets */,
				D721EE172B10B21F00983C80 /* LaunchScreen.storyboard */,
				D721EE1A2B10B21F00983C80 /* Info.plist */,
			);
			path = timer;
			sourceTree = "<group>";
		};
		D721EE222B10B21F00983C80 /* timerTests */ = {
			isa = PBXGroup;
			children = (
				D721EE232B10B21F00983C80 /* timerTests.swift */,
			);
			path = timerTests;
			sourceTree = "<group>";
		};
		D721EE2C2B10B21F00983C80 /* timerUITests */ = {
			isa = PBXGroup;
			children = (
				D721EE2D2B10B21F00983C80 /* timerUITests.swift */,
				D721EE2F2B10B21F00983C80 /* timerUITestsLaunchTests.swift */,
			);
			path = timerUITests;
			sourceTree = "<group>";
		};
/* End PBXGroup section */

/* Begin PBXNativeTarget section */
		D721EE082B10B21E00983C80 /* timer */ = {
			isa = PBXNativeTarget;
			buildConfigurationList = D721EE332B10B21F00983C80 /* Build configuration list for PBXNativeTarget "timer" */;
			buildPhases = (
				D721EE052B10B21E00983C80 /* Sources */,
				D721EE062B10B21E00983C80 /* Frameworks */,
				D721EE072B10B21E00983C80 /* Resources */,
			);
			buildRules = (
			);
			dependencies = (
			);
			name = timer;
			productName = timer;
			productReference = D721EE092B10B21E00983C80 /* timer.app */;
			productType = "com.apple.product-type.application";
		};
		D721EE1E2B10B21F00983C80 /* timerTests */ = {
			isa = PBXNativeTarget;
			buildConfigurationList = D721EE362B10B21F00983C80 /* Build configuration list for PBXNativeTarget "timerTests" */;
			buildPhases = (
				D721EE1B2B10B21F00983C80 /* Sources */,
				D721EE1C2B10B21F00983C80 /* Frameworks */,
				D721EE1D2B10B21F00983C80 /* Resources */,
			);
			buildRules = (
			);
			dependencies = (
				D721EE212B10B21F00983C80 /* PBXTargetDependency */,
			);
			name = timerTests;
			productName = timerTests;
			productReference = D721EE1F2B10B21F00983C80 /* timerTests.xctest */;
			productType = "com.apple.product-type.bundle.unit-test";
		};
		D721EE282B10B21F00983C80 /* timerUITests */ = {
			isa = PBXNativeTarget;
			buildConfigurationList = D721EE392B10B21F00983C80 /* Build configuration list for PBXNativeTarget "timerUITests" */;
			buildPhases = (
				D721EE252B10B21F00983C80 /* Sources */,
				D721EE262B10B21F00983C80 /* Frameworks */,
				D721EE272B10B21F00983C80 /* Resources */,
			);
			buildRules = (
			);
			dependencies = (
				D721EE2B2B10B21F00983C80 /* PBXTargetDependency */,
			);
			name = timerUITests;
			productName = timerUITests;
			productReference = D721EE292B10B21F00983C80 /* timerUITests.xctest */;
			productType = "com.apple.product-type.bundle.ui-testing";
		};
/* End PBXNativeTarget section */

/* Begin PBXProject section */
		D721EE012B10B21E00983C80 /* Project object */ = {
			isa = PBXProject;
			attributes = {
				BuildIndependentTargetsInParallel = 1;
				LastSwiftUpdateCheck = 1420;
				LastUpgradeCheck = 1420;
				TargetAttributes = {
					D721EE082B10B21E00983C80 = {
						CreatedOnToolsVersion = 14.2;
					};
					D721EE1E2B10B21F00983C80 = {
						CreatedOnToolsVersion = 14.2;
						TestTargetID = D721EE082B10B21E00983C80;
					};
					D721EE282B10B21F00983C80 = {
						CreatedOnToolsVersion = 14.2;
						TestTargetID = D721EE082B10B21E00983C80;
					};
				};
			};
			buildConfigurationList = D721EE042B10B21E00983C80 /* Build configuration list for PBXProject "timer" */;
			compatibilityVersion = "Xcode 14.0";
			developmentRegion = en;
			hasScannedForEncodings = 0;
			knownRegions = (
				en,
				Base,
			);
			mainGroup = D721EE002B10B21E00983C80;
			productRefGroup = D721EE0A2B10B21E00983C80 /* Products */;
			projectDirPath = "";
			projectRoot = "";
			targets = (
				D721EE082B10B21E00983C80 /* timer */,
				D721EE1E2B10B21F00983C80 /* timerTests */,
				D721EE282B10B21F00983C80 /* timerUITests */,
			);
		};
/* End PBXProject section */

/* Begin PBXResourcesBuildPhase section */
		D721EE072B10B21E00983C80 /* Resources */ = {
			isa = PBXResourcesBuildPhase;
			buildActionMask = 2147483647;
			files = (
				D721EE192B10B21F00983C80 /* LaunchScreen.storyboard in Resources */,
				D721EE162B10B21F00983C80 /* Assets.xcassets in Resources */,
				D721EE142B10B21E00983C80 /* Main.storyboard in Resources */,
			);
			runOnlyForDeploymentPostprocessing = 0;
		};
		D721EE1D2B10B21F00983C80 /* Resources */ = {
			isa = PBXResourcesBuildPhase;
			buildActionMask = 2147483647;
			files = (
			);
			runOnlyForDeploymentPostprocessing = 0;
		};
		D721EE272B10B21F00983C80 /* Resources */ = {
			isa = PBXResourcesBuildPhase;
			buildActionMask = 2147483647;
			files = (
			);
			runOnlyForDeploymentPostprocessing = 0;
		};
/* End PBXResourcesBuildPhase section */

/* Begin PBXSourcesBuildPhase section */
		D721EE052B10B21E00983C80 /* Sources */ = {
			isa = PBXSourcesBuildPhase;
			buildActionMask = 2147483647;
			files = (
				D721EE112B10B21E00983C80 /* ViewController.swift in Sources */,
				D721EE0D2B10B21E00983C80 /* AppDelegate.swift in Sources */,
				D721EE0F2B10B21E00983C80 /* SceneDelegate.swift in Sources */,
			);
			runOnlyForDeploymentPostprocessing = 0;
		};
		D721EE1B2B10B21F00983C80 /* Sources */ = {
			isa = PBXSourcesBuildPhase;
			buildActionMask = 2147483647;
			files = (
				D721EE242B10B21F00983C80 /* timerTests.swift in Sources */,
			);
			runOnlyForDeploymentPostprocessing = 0;
		};
		D721EE252B10B21F00983C80 /* Sources */ = {
			isa = PBXSourcesBuildPhase;
			buildActionMask = 2147483647;
			files = (
				D721EE302B10B21F00983C80 /* timerUITestsLaunchTests.swift in Sources */,
				D721EE2E2B10B21F00983C80 /* timerUITests.swift in Sources */,
			);
			runOnlyForDeploymentPostprocessing = 0;
		};
/* End PBXSourcesBuildPhase section */

/* Begin PBXTargetDependency section */
		D721EE212B10B21F00983C80 /* PBXTargetDependency */ = {
			isa = PBXTargetDependency;
			target = D721EE082B10B21E00983C80 /* timer */;
			targetProxy = D721EE202B10B21F00983C80 /* PBXContainerItemProxy */;
		};
		D721EE2B2B10B21F00983C80 /* PBXTargetDependency */ = {
			isa = PBXTargetDependency;
			target = D721EE082B10B21E00983C80 /* timer */;
			targetProxy = D721EE2A2B10B21F00983C80 /* PBXContainerItemProxy */;
		};
/* End PBXTargetDependency section */

/* Begin PBXVariantGroup section */
		D721EE122B10B21E00983C80 /* Main.storyboard */ = {
			isa = PBXVariantGroup;
			children = (
				D721EE132B10B21E00983C80 /* Base */,
			);
			name = Main.storyboard;
			sourceTree = "<group>";
		};
		D721EE172B10B21F00983C80 /* LaunchScreen.storyboard */ = {
			isa = PBXVariantGroup;
			children = (
				D721EE182B10B21F00983C80 /* Base */,
			);
			name = LaunchScreen.storyboard;
			sourceTree = "<group>";
		};
/* End PBXVariantGroup section */

/* Begin XCBuildConfiguration section */
		D721EE312B10B21F00983C80 /* Debug */ = {
			isa = XCBuildConfiguration;
			buildSettings = {
				ALWAYS_SEARCH_USER_PATHS = NO;
				CLANG_ANALYZER_NONNULL = YES;
				CLANG_ANALYZER_NUMBER_OBJECT_CONVERSION = YES_AGGRESSIVE;
				CLANG_CXX_LANGUAGE_STANDARD = "gnu++20";
				CLANG_ENABLE_MODULES = YES;
				CLANG_ENABLE_OBJC_ARC = YES;
				CLANG_ENABLE_OBJC_WEAK = YES;
				CLANG_WARN_BLOCK_CAPTURE_AUTORELEASING = YES;
				CLANG_WARN_BOOL_CONVERSION = YES;
				CLANG_WARN_COMMA = YES;
				CLANG_WARN_CONSTANT_CONVERSION = YES;
				CLANG_WARN_DEPRECATED_OBJC_IMPLEMENTATIONS = YES;
				CLANG_WARN_DIRECT_OBJC_ISA_USAGE = YES_ERROR;
				CLANG_WARN_DOCUMENTATION_COMMENTS = YES;
				CLANG_WARN_EMPTY_BODY = YES;
				CLANG_WARN_ENUM_CONVERSION = YES;
				CLANG_WARN_INFINITE_RECURSION = YES;
				CLANG_WARN_INT_CONVERSION = YES;
				CLANG_WARN_NON_LITERAL_NULL_CONVERSION = YES;
				CLANG_WARN_OBJC_IMPLICIT_RETAIN_SELF = YES;
				CLANG_WARN_OBJC_LITERAL_CONVERSION = YES;
				CLANG_WARN_OBJC_ROOT_CLASS = YES_ERROR;
				CLANG_WARN_QUOTED_INCLUDE_IN_FRAMEWORK_HEADER = YES;
				CLANG_WARN_RANGE_LOOP_ANALYSIS = YES;
				CLANG_WARN_STRICT_PROTOTYPES = YES;
				CLANG_WARN_SUSPICIOUS_MOVE = YES;
				CLANG_WARN_UNGUARDED_AVAILABILITY = YES_AGGRESSIVE;
				CLANG_WARN_UNREACHABLE_CODE = YES;
				CLANG_WARN__DUPLICATE_METHOD_MATCH = YES;
				COPY_PHASE_STRIP = NO;
				DEBUG_INFORMATION_FORMAT = dwarf;
				ENABLE_STRICT_OBJC_MSGSEND = YES;
				ENABLE_TESTABILITY = YES;
				GCC_C_LANGUAGE_STANDARD = gnu11;
				GCC_DYNAMIC_NO_PIC = NO;
				GCC_NO_COMMON_BLOCKS = YES;
				GCC_OPTIMIZATION_LEVEL = 0;
				GCC_PREPROCESSOR_DEFINITIONS = (
					"DEBUG=1",
					"$(inherited)",
				);
				GCC_WARN_64_TO_32_BIT_CONVERSION = YES;
				GCC_WARN_ABOUT_RETURN_TYPE = YES_ERROR;
				GCC_WARN_UNDECLARED_SELECTOR = YES;
				GCC_WARN_UNINITIALIZED_AUTOS = YES_AGGRESSIVE;
				GCC_WARN_UNUSED_FUNCTION = YES;
				GCC_WARN_UNUSED_VARIABLE = YES;
				IPHONEOS_DEPLOYMENT_TARGET = 16.2;
				MTL_ENABLE_DEBUG_INFO = INCLUDE_SOURCE;
				MTL_FAST_MATH = YES;
				ONLY_ACTIVE_ARCH = YES;
				SDKROOT = iphoneos;
				SWIFT_ACTIVE_COMPILATION_CONDITIONS = DEBUG;
				SWIFT_OPTIMIZATION_LEVEL = "-Onone";
			};
			name = Debug;
		};
		D721EE322B10B21F00983C80 /* Release */ = {
			isa = XCBuildConfiguration;
			buildSettings = {
				ALWAYS_SEARCH_USER_PATHS = NO;
				CLANG_ANALYZER_NONNULL = YES;
				CLANG_ANALYZER_NUMBER_OBJECT_CONVERSION = YES_AGGRESSIVE;
				CLANG_CXX_LANGUAGE_STANDARD = "gnu++20";
				CLANG_ENABLE_MODULES = YES;
				CLANG_ENABLE_OBJC_ARC = YES;
				CLANG_ENABLE_OBJC_WEAK = YES;
				CLANG_WARN_BLOCK_CAPTURE_AUTORELEASING = YES;
				CLANG_WARN_BOOL_CONVERSION = YES;
				CLANG_WARN_COMMA = YES;
				CLANG_WARN_CONSTANT_CONVERSION = YES;
				CLANG_WARN_DEPRECATED_OBJC_IMPLEMENTATIONS = YES;
				CLANG_WARN_DIRECT_OBJC_ISA_USAGE = YES_ERROR;
				CLANG_WARN_DOCUMENTATION_COMMENTS = YES;
				CLANG_WARN_EMPTY_BODY = YES;
				CLANG_WARN_ENUM_CONVERSION = YES;
				CLANG_WARN_INFINITE_RECURSION = YES;
				CLANG_WARN_INT_CONVERSION = YES;
				CLANG_WARN_NON_LITERAL_NULL_CONVERSION = YES;
				CLANG_WARN_OBJC_IMPLICIT_RETAIN_SELF = YES;
				CLANG_WARN_OBJC_LITERAL_CONVERSION = YES;
				CLANG_WARN_OBJC_ROOT_CLASS = YES_ERROR;
				CLANG_WARN_QUOTED_INCLUDE_IN_FRAMEWORK_HEADER = YES;
				CLANG_WARN_RANGE_LOOP_ANALYSIS = YES;
				CLANG_WARN_STRICT_PROTOTYPES = YES;
				CLANG_WARN_SUSPICIOUS_MOVE = YES;
				CLANG_WARN_UNGUARDED_AVAILABILITY = YES_AGGRESSIVE;
				CLANG_WARN_UNREACHABLE_CODE = YES;
				CLANG_WARN__DUPLICATE_METHOD_MATCH = YES;
				COPY_PHASE_STRIP = NO;
				DEBUG_INFORMATION_FORMAT = "dwarf-with-dsym";
				ENABLE_NS_ASSERTIONS = NO;
				ENABLE_STRICT_OBJC_MSGSEND = YES;
				GCC_C_LANGUAGE_STANDARD = gnu11;
				GCC_NO_COMMON_BLOCKS = YES;
				GCC_WARN_64_TO_32_BIT_CONVERSION = YES;
				GCC_WARN_ABOUT_RETURN_TYPE = YES_ERROR;
				GCC_WARN_UNDECLARED_SELECTOR = YES;
				GCC_WARN_UNINITIALIZED_AUTOS = YES_AGGRESSIVE;
				GCC_WARN_UNUSED_FUNCTION = YES;
				GCC_WARN_UNUSED_VARIABLE = YES;
				IPHONEOS_DEPLOYMENT_TARGET = 16.2;
				MTL_ENABLE_DEBUG_INFO = NO;
				MTL_FAST_MATH = YES;
				SDKROOT = iphoneos;
				SWIFT_COMPILATION_MODE = wholemodule;
				SWIFT_OPTIMIZATION_LEVEL = "-O";
				VALIDATE_PRODUCT = YES;
			};
			name = Release;
		};
		D721EE342B10B21F00983C80 /* Debug */ = {
			isa = XCBuildConfiguration;
			buildSettings = {
				ASSETCATALOG_COMPILER_APPICON_NAME = AppIcon;
				ASSETCATALOG_COMPILER_GLOBAL_ACCENT_COLOR_NAME = AccentColor;
				CODE_SIGN_STYLE = Automatic;
				CURRENT_PROJECT_VERSION = 1;
				GENERATE_INFOPLIST_FILE = YES;
				INFOPLIST_FILE = timer/Info.plist;
				INFOPLIST_KEY_UIApplicationSupportsIndirectInputEvents = YES;
				INFOPLIST_KEY_UILaunchStoryboardName = LaunchScreen;
				INFOPLIST_KEY_UIMainStoryboardFile = Main;
				INFOPLIST_KEY_UISupportedInterfaceOrientations_iPad = "UIInterfaceOrientationPortrait UIInterfaceOrientationPortraitUpsideDown UIInterfaceOrientationLandscapeLeft UIInterfaceOrientationLandscapeRight";
				INFOPLIST_KEY_UISupportedInterfaceOrientations_iPhone = "UIInterfaceOrientationPortrait UIInterfaceOrientationLandscapeLeft UIInterfaceOrientationLandscapeRight";
				LD_RUNPATH_SEARCH_PATHS = (
					"$(inherited)",
					"@executable_path/Frameworks",
				);
				MARKETING_VERSION = 1.0;
				PRODUCT_BUNDLE_IDENTIFIER = Ospanbekov.Zhandos.timer;
				PRODUCT_NAME = "$(TARGET_NAME)";
				SWIFT_EMIT_LOC_STRINGS = YES;
				SWIFT_VERSION = 5.0;
				TARGETED_DEVICE_FAMILY = "1,2";
			};
			name = Debug;
		};
		D721EE352B10B21F00983C80 /* Release */ = {
			isa = XCBuildConfiguration;
			buildSettings = {
				ASSETCATALOG_COMPILER_APPICON_NAME = AppIcon;
				ASSETCATALOG_COMPILER_GLOBAL_ACCENT_COLOR_NAME = AccentColor;
				CODE_SIGN_STYLE = Automatic;
				CURRENT_PROJECT_VERSION = 1;
				GENERATE_INFOPLIST_FILE = YES;
				INFOPLIST_FILE = timer/Info.plist;
				INFOPLIST_KEY_UIApplicationSupportsIndirectInputEvents = YES;
				INFOPLIST_KEY_UILaunchStoryboardName = LaunchScreen;
				INFOPLIST_KEY_UIMainStoryboardFile = Main;
				INFOPLIST_KEY_UISupportedInterfaceOrientations_iPad = "UIInterfaceOrientationPortrait UIInterfaceOrientationPortraitUpsideDown UIInterfaceOrientationLandscapeLeft UIInterfaceOrientationLandscapeRight";
				INFOPLIST_KEY_UISupportedInterfaceOrientations_iPhone = "UIInterfaceOrientationPortrait UIInterfaceOrientationLandscapeLeft UIInterfaceOrientationLandscapeRight";
				LD_RUNPATH_SEARCH_PATHS = (
					"$(inherited)",
					"@executable_path/Frameworks",
				);
				MARKETING_VERSION = 1.0;
				PRODUCT_BUNDLE_IDENTIFIER = Ospanbekov.Zhandos.timer;
				PRODUCT_NAME = "$(TARGET_NAME)";
				SWIFT_EMIT_LOC_STRINGS = YES;
				SWIFT_VERSION = 5.0;
				TARGETED_DEVICE_FAMILY = "1,2";
			};
			name = Release;
		};
		D721EE372B10B21F00983C80 /* Debug */ = {
			isa = XCBuildConfiguration;
			buildSettings = {
				ALWAYS_EMBED_SWIFT_STANDARD_LIBRARIES = YES;
				BUNDLE_LOADER = "$(TEST_HOST)";
				CODE_SIGN_STYLE = Automatic;
				CURRENT_PROJECT_VERSION = 1;
				GENERATE_INFOPLIST_FILE = YES;
				IPHONEOS_DEPLOYMENT_TARGET = 16.2;
				MARKETING_VERSION = 1.0;
				PRODUCT_BUNDLE_IDENTIFIER = Ospanbekov.Zhandos.timerTests;
				PRODUCT_NAME = "$(TARGET_NAME)";
				SWIFT_EMIT_LOC_STRINGS = NO;
				SWIFT_VERSION = 5.0;
				TARGETED_DEVICE_FAMILY = "1,2";
				TEST_HOST = "$(BUILT_PRODUCTS_DIR)/timer.app/$(BUNDLE_EXECUTABLE_FOLDER_PATH)/timer";
			};
			name = Debug;
		};
		D721EE382B10B21F00983C80 /* Release */ = {
			isa = XCBuildConfiguration;
			buildSettings = {
				ALWAYS_EMBED_SWIFT_STANDARD_LIBRARIES = YES;
				BUNDLE_LOADER = "$(TEST_HOST)";
				CODE_SIGN_STYLE = Automatic;
				CURRENT_PROJECT_VERSION = 1;
				GENERATE_INFOPLIST_FILE = YES;
				IPHONEOS_DEPLOYMENT_TARGET = 16.2;
				MARKETING_VERSION = 1.0;
				PRODUCT_BUNDLE_IDENTIFIER = Ospanbekov.Zhandos.timerTests;
				PRODUCT_NAME = "$(TARGET_NAME)";
				SWIFT_EMIT_LOC_STRINGS = NO;
				SWIFT_VERSION = 5.0;
				TARGETED_DEVICE_FAMILY = "1,2";
				TEST_HOST = "$(BUILT_PRODUCTS_DIR)/timer.app/$(BUNDLE_EXECUTABLE_FOLDER_PATH)/timer";
			};
			name = Release;
		};
		D721EE3A2B10B21F00983C80 /* Debug */ = {
			isa = XCBuildConfiguration;
			buildSettings = {
				ALWAYS_EMBED_SWIFT_STANDARD_LIBRARIES = YES;
				CODE_SIGN_STYLE = Automatic;
				CURRENT_PROJECT_VERSION = 1;
				GENERATE_INFOPLIST_FILE = YES;
				MARKETING_VERSION = 1.0;
				PRODUCT_BUNDLE_IDENTIFIER = Ospanbekov.Zhandos.timerUITests;
				PRODUCT_NAME = "$(TARGET_NAME)";
				SWIFT_EMIT_LOC_STRINGS = NO;
				SWIFT_VERSION = 5.0;
				TARGETED_DEVICE_FAMILY = "1,2";
				TEST_TARGET_NAME = timer;
			};
			name = Debug;
		};
		D721EE3B2B10B21F00983C80 /* Release */ = {
			isa = XCBuildConfiguration;
			buildSettings = {
				ALWAYS_EMBED_SWIFT_STANDARD_LIBRARIES = YES;
				CODE_SIGN_STYLE = Automatic;
				CURRENT_PROJECT_VERSION = 1;
				GENERATE_INFOPLIST_FILE = YES;
				MARKETING_VERSION = 1.0;
				PRODUCT_BUNDLE_IDENTIFIER = Ospanbekov.Zhandos.timerUITests;
				PRODUCT_NAME = "$(TARGET_NAME)";
				SWIFT_EMIT_LOC_STRINGS = NO;
				SWIFT_VERSION = 5.0;
				TARGETED_DEVICE_FAMILY = "1,2";
				TEST_TARGET_NAME = timer;
			};
			name = Release;
		};
/* End XCBuildConfiguration section */

/* Begin XCConfigurationList section */
		D721EE042B10B21E00983C80 /* Build configuration list for PBXProject "timer" */ = {
			isa = XCConfigurationList;
			buildConfigurations = (
				D721EE312B10B21F00983C80 /* Debug */,
				D721EE322B10B21F00983C80 /* Release */,
			);
			defaultConfigurationIsVisible = 0;
			defaultConfigurationName = Release;
		};
		D721EE332B10B21F00983C80 /* Build configuration list for PBXNativeTarget "timer" */ = {
			isa = XCConfigurationList;
			buildConfigurations = (
				D721EE342B10B21F00983C80 /* Debug */,
				D721EE352B10B21F00983C80 /* Release */,
			);
			defaultConfigurationIsVisible = 0;
			defaultConfigurationName = Release;
		};
		D721EE362B10B21F00983C80 /* Build configuration list for PBXNativeTarget "timerTests" */ = {
			isa = XCConfigurationList;
			buildConfigurations = (
				D721EE372B10B21F00983C80 /* Debug */,
				D721EE382B10B21F00983C80 /* Release */,
			);
			defaultConfigurationIsVisible = 0;
			defaultConfigurationName = Release;
		};
		D721EE392B10B21F00983C80 /* Build configuration list for PBXNativeTarget "timerUITests" */ = {
			isa = XCConfigurationList;
			buildConfigurations = (
				D721EE3A2B10B21F00983C80 /* Debug */,
				D721EE3B2B10B21F00983C80 /* Release */,
			);
			defaultConfigurationIsVisible = 0;
			defaultConfigurationName = Release;
		};
/* End XCConfigurationList section */
	};
	rootObject = D721EE012B10B21E00983C80 /* Project object */;
}
